
Microsoft Visual Studio Solution File, Format Version 12.00
# Visual Studio Version 17
VisualStudioVersion = 17.4.33213.308
MinimumVisualStudioVersion = 10.0.40219.1
Project("{FAE04EC0-301F-11D3-BF4B-00C04F79EFBC}") = "ejerciciio", "ejerciciio\ejerciciio.csproj", "{B8511FA8-B6C6-4556-A018-BB41088768DF}"
EndProject
Global
	GlobalSection(SolutionConfigurationPlatforms) = preSolution
		Debug|Any CPU = Debug|Any CPU
		Release|Any CPU = Release|Any CPU
	EndGlobalSection
	GlobalSection(ProjectConfigurationPlatforms) = postSolution
		{B8511FA8-B6C6-4556-A018-BB41088768DF}.Debug|Any CPU.ActiveCfg = Debug|Any CPU
		{B8511FA8-B6C6-4556-A018-BB41088768DF}.Debug|Any CPU.Build.0 = Debug|Any CPU
		{B8511FA8-B6C6-4556-A018-BB41088768DF}.Release|Any CPU.ActiveCfg = Release|Any CPU
		{B8511FA8-B6C6-4556-A018-BB41088768DF}.Release|Any CPU.Build.0 = Release|Any CPU
	EndGlobalSection
	GlobalSection(SolutionProperties) = preSolution
		HideSolutionNode = FALSE
	EndGlobalSection
	GlobalSection(ExtensibilityGlobals) = postSolution
		SolutionGuid = {0B31A456-1CB2-4E6B-8530-F539B046B890}
	EndGlobalSection
EndGlobal
